PODS:
  - Bolts/Tasks (1.9.0)
  - DLRadioButton (1.4.11)
  - Parse (1.16.0):
    - Parse/Core (= 1.16.0)
  - Parse/Core (1.16.0):
    - Bolts/Tasks (~> 1.9)

DEPENDENCIES:
  - DLRadioButton
  - Parse

SPEC CHECKSUMS:
  Bolts: ac6567323eac61e203f6a9763667d0f711be34c8
  DLRadioButton: 0d04b8259e7bfd886571a1e9173c73fee7118f50
  Parse: 5b36dc2c2f0a2fd82a257ae018bc3d68cf2c24e7

PODFILE CHECKSUM: f0bec002ac2caadadaad0911e70fea9a55340ebb

COCOAPODS: 1.4.0
