PODS:
  - Bolts/Tasks (1.9.0)
  - DLRadioButton (1.4.11)
  - DropDown (2.3.1)
  - Parse (1.16.0):
    - Parse/Core (= 1.16.0)
  - Parse/Core (1.16.0):
    - Bolts/Tasks (~> 1.9)

DEPENDENCIES:
  - DLRadioButton
  - DropDown
  - Parse

SPEC CHECKSUMS:
  Bolts: ac6567323eac61e203f6a9763667d0f711be34c8
  DLRadioButton: 0d04b8259e7bfd886571a1e9173c73fee7118f50
  DropDown: 20499c7b2731b0d21609af924e47c7677a2be50d
  Parse: 5b36dc2c2f0a2fd82a257ae018bc3d68cf2c24e7

PODFILE CHECKSUM: 3586455c5bd01d4d2ed331f1f0bafd22a1d49ee0

COCOAPODS: 1.4.0
